
Microsoft Visual Studio Solution File, Format Version 12.00
# Visual Studio 14
VisualStudioVersion = 14.0.25420.1
MinimumVisualStudioVersion = 10.0.40219.1
Project("{FAE04EC0-301F-11D3-BF4B-00C04F79EFBC}") = "StreamExchangeRate", "StreamExchangeRate\StreamExchangeRate.csproj", "{F2DADE33-62F7-46EE-968E-F4D149B91379}"
EndProject
Project("{FAE04EC0-301F-11D3-BF4B-00C04F79EFBC}") = "StreamExchangeRate v.2", "StreamExchangeRate v.2\StreamExchangeRate v.2.csproj", "{52B488D7-CBE5-4F2D-9C9C-25134334D5FC}"
EndProject
Global
	GlobalSection(SolutionConfigurationPlatforms) = preSolution
		Debug|Any CPU = Debug|Any CPU
		Release|Any CPU = Release|Any CPU
	EndGlobalSection
	GlobalSection(ProjectConfigurationPlatforms) = postSolution
		{F2DADE33-62F7-46EE-968E-F4D149B91379}.Debug|Any CPU.ActiveCfg = Debug|Any CPU
		{F2DADE33-62F7-46EE-968E-F4D149B91379}.Debug|Any CPU.Build.0 = Debug|Any CPU
		{F2DADE33-62F7-46EE-968E-F4D149B91379}.Release|Any CPU.ActiveCfg = Release|Any CPU
		{F2DADE33-62F7-46EE-968E-F4D149B91379}.Release|Any CPU.Build.0 = Release|Any CPU
		{52B488D7-CBE5-4F2D-9C9C-25134334D5FC}.Debug|Any CPU.ActiveCfg = Debug|Any CPU
		{52B488D7-CBE5-4F2D-9C9C-25134334D5FC}.Debug|Any CPU.Build.0 = Debug|Any CPU
		{52B488D7-CBE5-4F2D-9C9C-25134334D5FC}.Release|Any CPU.ActiveCfg = Release|Any CPU
		{52B488D7-CBE5-4F2D-9C9C-25134334D5FC}.Release|Any CPU.Build.0 = Release|Any CPU
	EndGlobalSection
	GlobalSection(SolutionProperties) = preSolution
		HideSolutionNode = FALSE
	EndGlobalSection
EndGlobal
